
Microsoft Visual Studio Solution File, Format Version 12.00
Project("{FAE04EC0-301F-11D3-BF4B-00C04F79EFBC}") = "dns-network-programming", "dns-network-programming.csproj", "{18A67121-3DB6-463C-956F-8DBC6E5DA561}"
EndProject
Project("{2150E333-8FDC-42A3-9474-1A3956D46DE8}") = "Solution Items", "Solution Items", "{1D73C508-5922-4814-944D-4958D486E2FC}"
	ProjectSection(SolutionItems) = preProject
		compose.yaml = compose.yaml
	EndProjectSection
EndProject
Global
	GlobalSection(SolutionConfigurationPlatforms) = preSolution
		Debug|Any CPU = Debug|Any CPU
		Release|Any CPU = Release|Any CPU
	EndGlobalSection
	GlobalSection(ProjectConfigurationPlatforms) = postSolution
		{18A67121-3DB6-463C-956F-8DBC6E5DA561}.Debug|Any CPU.ActiveCfg = Debug|Any CPU
		{18A67121-3DB6-463C-956F-8DBC6E5DA561}.Debug|Any CPU.Build.0 = Debug|Any CPU
		{18A67121-3DB6-463C-956F-8DBC6E5DA561}.Release|Any CPU.ActiveCfg = Release|Any CPU
		{18A67121-3DB6-463C-956F-8DBC6E5DA561}.Release|Any CPU.Build.0 = Release|Any CPU
	EndGlobalSection
EndGlobal
